{
  "name": "ajs_platforms_test",
  "version": "1.0.0",
  "lockfileVersion": 2,
  "requires": true,
  "packages": {
    "": {
      "name": "ajs_platforms_test",
      "version": "1.0.0",
      "license": "ISC",
      "dependencies": {
        "@oleglobantsev/ajs_platforms": "^1.0.0"
      }
    },
    "node_modules/@oleglobantsev/ajs_platforms": {
      "version": "1.0.0",
      "resolved": "https://npm.pkg.github.com/download/@oleglobantsev/ajs_platforms/1.0.0/c3b16567f7c323cec003be761396473cba14edb1",
      "integrity": "sha512-M+uoUcMLHtYh7dPp1Y8iDPTcaBD6P2tZVrhgPA7VskQNNhCn70tW+nT00Lb65nlaFv6OtTbn43cdW5kv1jYodA==",
      "license": "ISC"
    }
  },
  "dependencies": {
    "@oleglobantsev/ajs_platforms": {
      "version": "1.0.0",
      "resolved": "https://npm.pkg.github.com/download/@oleglobantsev/ajs_platforms/1.0.0/c3b16567f7c323cec003be761396473cba14edb1",
      "integrity": "sha512-M+uoUcMLHtYh7dPp1Y8iDPTcaBD6P2tZVrhgPA7VskQNNhCn70tW+nT00Lb65nlaFv6OtTbn43cdW5kv1jYodA=="
    }
  }
}
